
Microsoft Visual Studio Solution File, Format Version 12.00
# Visual Studio 2013
VisualStudioVersion = 12.0.21005.1
MinimumVisualStudioVersion = 10.0.40219.1
Project("{8BC9CEB8-8B4A-11D0-8D11-00A0C91BC942}") = "Chapter1", "Algorithms\Algorithms.vcxproj", "{41E44F81-A2AF-4BB6-B249-D1D63DC55FAE}"
EndProject
Project("{8BC9CEB8-8B4A-11D0-8D11-00A0C91BC942}") = "Chapter20_Hard", "..\Chapter20_Hard\Chapter20_Hard\Chapter20_Hard.vcxproj", "{FDA0A30B-6E09-4D96-97D8-D2B4D61065F8}"
EndProject
Project("{8BC9CEB8-8B4A-11D0-8D11-00A0C91BC942}") = "Chapter3", "..\Chapter3\Chapter3\Chapter3.vcxproj", "{B150D8B2-0438-472A-A797-E0E4F03E68BA}"
EndProject
Project("{8BC9CEB8-8B4A-11D0-8D11-00A0C91BC942}") = "Other", "Other\Other.vcxproj", "{D3B1FD83-E119-4156-B3E1-6BD9E0846BDE}"
EndProject
Project("{8BC9CEB8-8B4A-11D0-8D11-00A0C91BC942}") = "Google", "..\Google\Google.vcxproj", "{83CECF79-AC79-48F3-8025-479E7E081DC2}"
EndProject
Project("{8BC9CEB8-8B4A-11D0-8D11-00A0C91BC942}") = "NTL", "..\NTL_Cpp\NTL\NTL\NTL.vcxproj", "{66CF98D1-79A9-46AC-B138-B57B331C9530}"
EndProject
Project("{8BC9CEB8-8B4A-11D0-8D11-00A0C91BC942}") = "OJ", "OJ\OJ.vcxproj", "{5C5D2917-3C6D-462E-BF1C-4B1C2AA388D2}"
EndProject
Project("{8BC9CEB8-8B4A-11D0-8D11-00A0C91BC942}") = "MTLTest", "..\NTL_Cpp\NTL\NTLTest\NTLTest.vcxproj", "{8169C878-8E23-4F13-9234-9B3FE5D51C25}"
EndProject
Project("{8BC9CEB8-8B4A-11D0-8D11-00A0C91BC942}") = "DevDraft", "DevDraft\DevDraft.vcxproj", "{57E087E8-7B26-4D9E-AF77-D01F008B5429}"
EndProject
Global
	GlobalSection(SolutionConfigurationPlatforms) = preSolution
		Debug|Win32 = Debug|Win32
		Release|Win32 = Release|Win32
	EndGlobalSection
	GlobalSection(ProjectConfigurationPlatforms) = postSolution
		{41E44F81-A2AF-4BB6-B249-D1D63DC55FAE}.Debug|Win32.ActiveCfg = Debug|Win32
		{41E44F81-A2AF-4BB6-B249-D1D63DC55FAE}.Debug|Win32.Build.0 = Debug|Win32
		{41E44F81-A2AF-4BB6-B249-D1D63DC55FAE}.Release|Win32.ActiveCfg = Release|Win32
		{41E44F81-A2AF-4BB6-B249-D1D63DC55FAE}.Release|Win32.Build.0 = Release|Win32
		{FDA0A30B-6E09-4D96-97D8-D2B4D61065F8}.Debug|Win32.ActiveCfg = Debug|Win32
		{FDA0A30B-6E09-4D96-97D8-D2B4D61065F8}.Debug|Win32.Build.0 = Debug|Win32
		{FDA0A30B-6E09-4D96-97D8-D2B4D61065F8}.Release|Win32.ActiveCfg = Release|Win32
		{FDA0A30B-6E09-4D96-97D8-D2B4D61065F8}.Release|Win32.Build.0 = Release|Win32
		{B150D8B2-0438-472A-A797-E0E4F03E68BA}.Debug|Win32.ActiveCfg = Debug|Win32
		{B150D8B2-0438-472A-A797-E0E4F03E68BA}.Debug|Win32.Build.0 = Debug|Win32
		{B150D8B2-0438-472A-A797-E0E4F03E68BA}.Release|Win32.ActiveCfg = Release|Win32
		{B150D8B2-0438-472A-A797-E0E4F03E68BA}.Release|Win32.Build.0 = Release|Win32
		{D3B1FD83-E119-4156-B3E1-6BD9E0846BDE}.Debug|Win32.ActiveCfg = Debug|Win32
		{D3B1FD83-E119-4156-B3E1-6BD9E0846BDE}.Debug|Win32.Build.0 = Debug|Win32
		{D3B1FD83-E119-4156-B3E1-6BD9E0846BDE}.Release|Win32.ActiveCfg = Release|Win32
		{D3B1FD83-E119-4156-B3E1-6BD9E0846BDE}.Release|Win32.Build.0 = Release|Win32
		{83CECF79-AC79-48F3-8025-479E7E081DC2}.Debug|Win32.ActiveCfg = Debug|Win32
		{83CECF79-AC79-48F3-8025-479E7E081DC2}.Debug|Win32.Build.0 = Debug|Win32
		{83CECF79-AC79-48F3-8025-479E7E081DC2}.Release|Win32.ActiveCfg = Release|Win32
		{83CECF79-AC79-48F3-8025-479E7E081DC2}.Release|Win32.Build.0 = Release|Win32
		{66CF98D1-79A9-46AC-B138-B57B331C9530}.Debug|Win32.ActiveCfg = Debug|Win32
		{66CF98D1-79A9-46AC-B138-B57B331C9530}.Debug|Win32.Build.0 = Debug|Win32
		{66CF98D1-79A9-46AC-B138-B57B331C9530}.Release|Win32.ActiveCfg = Release|Win32
		{66CF98D1-79A9-46AC-B138-B57B331C9530}.Release|Win32.Build.0 = Release|Win32
		{5C5D2917-3C6D-462E-BF1C-4B1C2AA388D2}.Debug|Win32.ActiveCfg = Debug|Win32
		{5C5D2917-3C6D-462E-BF1C-4B1C2AA388D2}.Debug|Win32.Build.0 = Debug|Win32
		{5C5D2917-3C6D-462E-BF1C-4B1C2AA388D2}.Release|Win32.ActiveCfg = Release|Win32
		{5C5D2917-3C6D-462E-BF1C-4B1C2AA388D2}.Release|Win32.Build.0 = Release|Win32
		{8169C878-8E23-4F13-9234-9B3FE5D51C25}.Debug|Win32.ActiveCfg = Debug|Win32
		{8169C878-8E23-4F13-9234-9B3FE5D51C25}.Debug|Win32.Build.0 = Debug|Win32
		{8169C878-8E23-4F13-9234-9B3FE5D51C25}.Release|Win32.ActiveCfg = Release|Win32
		{8169C878-8E23-4F13-9234-9B3FE5D51C25}.Release|Win32.Build.0 = Release|Win32
		{57E087E8-7B26-4D9E-AF77-D01F008B5429}.Debug|Win32.ActiveCfg = Debug|Win32
		{57E087E8-7B26-4D9E-AF77-D01F008B5429}.Debug|Win32.Build.0 = Debug|Win32
		{57E087E8-7B26-4D9E-AF77-D01F008B5429}.Release|Win32.ActiveCfg = Release|Win32
		{57E087E8-7B26-4D9E-AF77-D01F008B5429}.Release|Win32.Build.0 = Release|Win32
	EndGlobalSection
	GlobalSection(SolutionProperties) = preSolution
		HideSolutionNode = FALSE
	EndGlobalSection
EndGlobal
